// !$*UTF8*$!
{
	archiveVersion = 1;
	classes = {
	};
	objectVersion = 50;
	objects = {

/* Begin PBXBuildFile section */
		C76DFD77258CD1D8006684F7 /* AppDelegate.swift in Sources */ = {isa = PBXBuildFile; fileRef = C76DFD76258CD1D8006684F7 /* AppDelegate.swift */; };
		C76DFD79258CD1D8006684F7 /* SceneDelegate.swift in Sources */ = {isa = PBXBuildFile; fileRef = C76DFD78258CD1D8006684F7 /* SceneDelegate.swift */; };
		C76DFD7B258CD1D8006684F7 /* ViewController.swift in Sources */ = {isa = PBXBuildFile; fileRef = C76DFD7A258CD1D8006684F7 /* ViewController.swift */; };
		C76DFD80258CD1DC006684F7 /* Assets.xcassets in Resources */ = {isa = PBXBuildFile; fileRef = C76DFD7F258CD1DC006684F7 /* Assets.xcassets */; };
		C76DFD83258CD1DC006684F7 /* LaunchScreen.storyboard in Resources */ = {isa = PBXBuildFile; fileRef = C76DFD81258CD1DC006684F7 /* LaunchScreen.storyboard */; };
		C76DFD8E258CD1DC006684F7 /* TestTests.swift in Sources */ = {isa = PBXBuildFile; fileRef = C76DFD8D258CD1DC006684F7 /* TestTests.swift */; };
		C76DFD99258CD1DC006684F7 /* TestUITests.swift in Sources */ = {isa = PBXBuildFile; fileRef = C76DFD98258CD1DC006684F7 /* TestUITests.swift */; };
		C76DFDAE258CD4C2006684F7 /* Main.storyboard in Resources */ = {isa = PBXBuildFile; fileRef = C76DFDAC258CD4C2006684F7 /* Main.storyboard */; };
/* End PBXBuildFile section */

/* Begin PBXContainerItemProxy section */
		C76DFD8A258CD1DC006684F7 /* PBXContainerItemProxy */ = {
			isa = PBXContainerItemProxy;
			containerPortal = C76DFD6B258CD1D8006684F7 /* Project object */;
			proxyType = 1;
			remoteGlobalIDString = C76DFD72258CD1D8006684F7;
			remoteInfo = Test;
		};
		C76DFD95258CD1DC006684F7 /* PBXContainerItemProxy */ = {
			isa = PBXContainerItemProxy;
			containerPortal = C76DFD6B258CD1D8006684F7 /* Project object */;
			proxyType = 1;
			remoteGlobalIDString = C76DFD72258CD1D8006684F7;
			remoteInfo = Test;
		};
/* End PBXContainerItemProxy section */

/* Begin PBXFileReference section */
		C76DFD73258CD1D8006684F7 /* Test.app */ = {isa = PBXFileReference; explicitFileType = wrapper.application; includeInIndex = 0; path = Test.app; sourceTree = BUILT_PRODUCTS_DIR; };
		C76DFD76258CD1D8006684F7 /* AppDelegate.swift */ = {isa = PBXFileReference; lastKnownFileType = sourcecode.swift; path = AppDelegate.swift; sourceTree = "<group>"; };
		C76DFD78258CD1D8006684F7 /* SceneDelegate.swift */ = {isa = PBXFileReference; lastKnownFileType = sourcecode.swift; path = SceneDelegate.swift; sourceTree = "<group>"; };
		C76DFD7A258CD1D8006684F7 /* ViewController.swift */ = {isa = PBXFileReference; lastKnownFileType = sourcecode.swift; path = ViewController.swift; sourceTree = "<group>"; };
		C76DFD7F258CD1DC006684F7 /* Assets.xcassets */ = {isa = PBXFileReference; lastKnownFileType = folder.assetcatalog; path = Assets.xcassets; sourceTree = "<group>"; };
		C76DFD82258CD1DC006684F7 /* Base */ = {isa = PBXFileReference; lastKnownFileType = file.storyboard; name = Base; path = Base.lproj/LaunchScreen.storyboard; sourceTree = "<group>"; };
		C76DFD84258CD1DC006684F7 /* Info.plist */ = {isa = PBXFileReference; lastKnownFileType = text.plist.xml; path = Info.plist; sourceTree = "<group>"; };
		C76DFD89258CD1DC006684F7 /* TestTests.xctest */ = {isa = PBXFileReference; explicitFileType = wrapper.cfbundle; includeInIndex = 0; path = TestTests.xctest; sourceTree = BUILT_PRODUCTS_DIR; };
		C76DFD8D258CD1DC006684F7 /* TestTests.swift */ = {isa = PBXFileReference; lastKnownFileType = sourcecode.swift; path = TestTests.swift; sourceTree = "<group>"; };
		C76DFD8F258CD1DC006684F7 /* Info.plist */ = {isa = PBXFileReference; lastKnownFileType = text.plist.xml; path = Info.plist; sourceTree = "<group>"; };
		C76DFD94258CD1DC006684F7 /* TestUITests.xctest */ = {isa = PBXFileReference; explicitFileType = wrapper.cfbundle; includeInIndex = 0; path = TestUITests.xctest; sourceTree = BUILT_PRODUCTS_DIR; };
		C76DFD98258CD1DC006684F7 /* TestUITests.swift */ = {isa = PBXFileReference; lastKnownFileType = sourcecode.swift; path = TestUITests.swift; sourceTree = "<group>"; };
		C76DFD9A258CD1DC006684F7 /* Info.plist */ = {isa = PBXFileReference; lastKnownFileType = text.plist.xml; path = Info.plist; sourceTree = "<group>"; };
		C76DFDAD258CD4C2006684F7 /* Base */ = {isa = PBXFileReference; lastKnownFileType = file.storyboard; name = Base; path = Base.lproj/Main.storyboard; sourceTree = "<group>"; };
/* End PBXFileReference section */

/* Begin PBXFrameworksBuildPhase section */
		C76DFD70258CD1D8006684F7 /* Frameworks */ = {
			isa = PBXFrameworksBuildPhase;
			buildActionMask = 2147483647;
			files = (
			);
			runOnlyForDeploymentPostprocessing = 0;
		};
		C76DFD86258CD1DC006684F7 /* Frameworks */ = {
			isa = PBXFrameworksBuildPhase;
			buildActionMask = 2147483647;
			files = (
			);
			runOnlyForDeploymentPostprocessing = 0;
		};
		C76DFD91258CD1DC006684F7 /* Frameworks */ = {
			isa = PBXFrameworksBuildPhase;
			buildActionMask = 2147483647;
			files = (
			);
			runOnlyForDeploymentPostprocessing = 0;
		};
/* End PBXFrameworksBuildPhase section */

/* Begin PBXGroup section */
		C76DFD6A258CD1D8006684F7 = {
			isa = PBXGroup;
			children = (
				C76DFD75258CD1D8006684F7 /* Test */,
				C76DFD8C258CD1DC006684F7 /* TestTests */,
				C76DFD97258CD1DC006684F7 /* TestUITests */,
				C76DFD74258CD1D8006684F7 /* Products */,
			);
			sourceTree = "<group>";
		};
		C76DFD74258CD1D8006684F7 /* Products */ = {
			isa = PBXGroup;
			children = (
				C76DFD73258CD1D8006684F7 /* Test.app */,
				C76DFD89258CD1DC006684F7 /* TestTests.xctest */,
				C76DFD94258CD1DC006684F7 /* TestUITests.xctest */,
			);
			name = Products;
			sourceTree = "<group>";
		};
		C76DFD75258CD1D8006684F7 /* Test */ = {
			isa = PBXGroup;
			children = (
				C76DFD76258CD1D8006684F7 /* AppDelegate.swift */,
				C76DFD78258CD1D8006684F7 /* SceneDelegate.swift */,
				C76DFD7A258CD1D8006684F7 /* ViewController.swift */,
				C76DFDAC258CD4C2006684F7 /* Main.storyboard */,
				C76DFD7F258CD1DC006684F7 /* Assets.xcassets */,
				C76DFD81258CD1DC006684F7 /* LaunchScreen.storyboard */,
				C76DFD84258CD1DC006684F7 /* Info.plist */,
			);
			path = Test;
			sourceTree = "<group>";
		};
		C76DFD8C258CD1DC006684F7 /* TestTests */ = {
			isa = PBXGroup;
			children = (
				C76DFD8D258CD1DC006684F7 /* TestTests.swift */,
				C76DFD8F258CD1DC006684F7 /* Info.plist */,
			);
			path = TestTests;
			sourceTree = "<group>";
		};
		C76DFD97258CD1DC006684F7 /* TestUITests */ = {
			isa = PBXGroup;
			children = (
				C76DFD98258CD1DC006684F7 /* TestUITests.swift */,
				C76DFD9A258CD1DC006684F7 /* Info.plist */,
			);
			path = TestUITests;
			sourceTree = "<group>";
		};
/* End PBXGroup section */

/* Begin PBXNativeTarget section */
		C76DFD72258CD1D8006684F7 /* Test */ = {
			isa = PBXNativeTarget;
			buildConfigurationList = C76DFD9D258CD1DC006684F7 /* Build configuration list for PBXNativeTarget "Test" */;
			buildPhases = (
				C76DFD6F258CD1D8006684F7 /* Sources */,
				C76DFD70258CD1D8006684F7 /* Frameworks */,
				C76DFD71258CD1D8006684F7 /* Resources */,
			);
			buildRules = (
			);
			dependencies = (
			);
			name = Test;
			productName = Test;
			productReference = C76DFD73258CD1D8006684F7 /* Test.app */;
			productType = "com.apple.product-type.application";
		};
		C76DFD88258CD1DC006684F7 /* TestTests */ = {
			isa = PBXNativeTarget;
			buildConfigurationList = C76DFDA0258CD1DC006684F7 /* Build configuration list for PBXNativeTarget "TestTests" */;
			buildPhases = (
				C76DFD85258CD1DC006684F7 /* Sources */,
				C76DFD86258CD1DC006684F7 /* Frameworks */,
				C76DFD87258CD1DC006684F7 /* Resources */,
			);
			buildRules = (
			);
			dependencies = (
				C76DFD8B258CD1DC006684F7 /* PBXTargetDependency */,
			);
			name = TestTests;
			productName = TestTests;
			productReference = C76DFD89258CD1DC006684F7 /* TestTests.xctest */;
			productType = "com.apple.product-type.bundle.unit-test";
		};
		C76DFD93258CD1DC006684F7 /* TestUITests */ = {
			isa = PBXNativeTarget;
			buildConfigurationList = C76DFDA3258CD1DC006684F7 /* Build configuration list for PBXNativeTarget "TestUITests" */;
			buildPhases = (
				C76DFD90258CD1DC006684F7 /* Sources */,
				C76DFD91258CD1DC006684F7 /* Frameworks */,
				C76DFD92258CD1DC006684F7 /* Resources */,
			);
			buildRules = (
			);
			dependencies = (
				C76DFD96258CD1DC006684F7 /* PBXTargetDependency */,
			);
			name = TestUITests;
			productName = TestUITests;
			productReference = C76DFD94258CD1DC006684F7 /* TestUITests.xctest */;
			productType = "com.apple.product-type.bundle.ui-testing";
		};
/* End PBXNativeTarget section */

/* Begin PBXProject section */
		C76DFD6B258CD1D8006684F7 /* Project object */ = {
			isa = PBXProject;
			attributes = {
				LastSwiftUpdateCheck = 1210;
				LastUpgradeCheck = 1210;
				TargetAttributes = {
					C76DFD72258CD1D8006684F7 = {
						CreatedOnToolsVersion = 12.1;
					};
					C76DFD88258CD1DC006684F7 = {
						CreatedOnToolsVersion = 12.1;
						TestTargetID = C76DFD72258CD1D8006684F7;
					};
					C76DFD93258CD1DC006684F7 = {
						CreatedOnToolsVersion = 12.1;
						TestTargetID = C76DFD72258CD1D8006684F7;
					};
				};
			};
			buildConfigurationList = C76DFD6E258CD1D8006684F7 /* Build configuration list for PBXProject "Test" */;
			compatibilityVersion = "Xcode 9.3";
			developmentRegion = en;
			hasScannedForEncodings = 0;
			knownRegions = (
				en,
				Base,
			);
			mainGroup = C76DFD6A258CD1D8006684F7;
			productRefGroup = C76DFD74258CD1D8006684F7 /* Products */;
			projectDirPath = "";
			projectRoot = "";
			targets = (
				C76DFD72258CD1D8006684F7 /* Test */,
				C76DFD88258CD1DC006684F7 /* TestTests */,
				C76DFD93258CD1DC006684F7 /* TestUITests */,
			);
		};
/* End PBXProject section */

/* Begin PBXResourcesBuildPhase section */
		C76DFD71258CD1D8006684F7 /* Resources */ = {
			isa = PBXResourcesBuildPhase;
			buildActionMask = 2147483647;
			files = (
				C76DFDAE258CD4C2006684F7 /* Main.storyboard in Resources */,
				C76DFD83258CD1DC006684F7 /* LaunchScreen.storyboard in Resources */,
				C76DFD80258CD1DC006684F7 /* Assets.xcassets in Resources */,
			);
			runOnlyForDeploymentPostprocessing = 0;
		};
		C76DFD87258CD1DC006684F7 /* Resources */ = {
			isa = PBXResourcesBuildPhase;
			buildActionMask = 2147483647;
			files = (
			);
			runOnlyForDeploymentPostprocessing = 0;
		};
		C76DFD92258CD1DC006684F7 /* Resources */ = {
			isa = PBXResourcesBuildPhase;
			buildActionMask = 2147483647;
			files = (
			);
			runOnlyForDeploymentPostprocessing = 0;
		};
/* End PBXResourcesBuildPhase section */

/* Begin PBXSourcesBuildPhase section */
		C76DFD6F258CD1D8006684F7 /* Sources */ = {
			isa = PBXSourcesBuildPhase;
			buildActionMask = 2147483647;
			files = (
				C76DFD7B258CD1D8006684F7 /* ViewController.swift in Sources */,
				C76DFD77258CD1D8006684F7 /* AppDelegate.swift in Sources */,
				C76DFD79258CD1D8006684F7 /* SceneDelegate.swift in Sources */,
			);
			runOnlyForDeploymentPostprocessing = 0;
		};
		C76DFD85258CD1DC006684F7 /* Sources */ = {
			isa = PBXSourcesBuildPhase;
			buildActionMask = 2147483647;
			files = (
				C76DFD8E258CD1DC006684F7 /* TestTests.swift in Sources */,
			);
			runOnlyForDeploymentPostprocessing = 0;
		};
		C76DFD90258CD1DC006684F7 /* Sources */ = {
			isa = PBXSourcesBuildPhase;
			buildActionMask = 2147483647;
			files = (
				C76DFD99258CD1DC006684F7 /* TestUITests.swift in Sources */,
			);
			runOnlyForDeploymentPostprocessing = 0;
		};
/* End PBXSourcesBuildPhase section */

/* Begin PBXTargetDependency section */
		C76DFD8B258CD1DC006684F7 /* PBXTargetDependency */ = {
			isa = PBXTargetDependency;
			target = C76DFD72258CD1D8006684F7 /* Test */;
			targetProxy = C76DFD8A258CD1DC006684F7 /* PBXContainerItemProxy */;
		};
		C76DFD96258CD1DC006684F7 /* PBXTargetDependency */ = {
			isa = PBXTargetDependency;
			target = C76DFD72258CD1D8006684F7 /* Test */;
			targetProxy = C76DFD95258CD1DC006684F7 /* PBXContainerItemProxy */;
		};
/* End PBXTargetDependency section */

/* Begin PBXVariantGroup section */
		C76DFD81258CD1DC006684F7 /* LaunchScreen.storyboard */ = {
			isa = PBXVariantGroup;
			children = (
				C76DFD82258CD1DC006684F7 /* Base */,
			);
			name = LaunchScreen.storyboard;
			sourceTree = "<group>";
		};
		C76DFDAC258CD4C2006684F7 /* Main.storyboard */ = {
			isa = PBXVariantGroup;
			children = (
				C76DFDAD258CD4C2006684F7 /* Base */,
			);
			name = Main.storyboard;
			sourceTree = "<group>";
		};
/* End PBXVariantGroup section */

/* Begin XCBuildConfiguration section */
		C76DFD9B258CD1DC006684F7 /* Debug */ = {
			isa = XCBuildConfiguration;
			buildSettings = {
				ALWAYS_SEARCH_USER_PATHS = NO;
				CLANG_ANALYZER_NONNULL = YES;
				CLANG_ANALYZER_NUMBER_OBJECT_CONVERSION = YES_AGGRESSIVE;
				CLANG_CXX_LANGUAGE_STANDARD = "gnu++14";
				CLANG_CXX_LIBRARY = "libc++";
				CLANG_ENABLE_MODULES = YES;
				CLANG_ENABLE_OBJC_ARC = YES;
				CLANG_ENABLE_OBJC_WEAK = YES;
				CLANG_WARN_BLOCK_CAPTURE_AUTORELEASING = YES;
				CLANG_WARN_BOOL_CONVERSION = YES;
				CLANG_WARN_COMMA = YES;
				CLANG_WARN_CONSTANT_CONVERSION = YES;
				CLANG_WARN_DEPRECATED_OBJC_IMPLEMENTATIONS = YES;
				CLANG_WARN_DIRECT_OBJC_ISA_USAGE = YES_ERROR;
				CLANG_WARN_DOCUMENTATION_COMMENTS = YES;
				CLANG_WARN_EMPTY_BODY = YES;
				CLANG_WARN_ENUM_CONVERSION = YES;
				CLANG_WARN_INFINITE_RECURSION = YES;
				CLANG_WARN_INT_CONVERSION = YES;
				CLANG_WARN_NON_LITERAL_NULL_CONVERSION = YES;
				CLANG_WARN_OBJC_IMPLICIT_RETAIN_SELF = YES;
				CLANG_WARN_OBJC_LITERAL_CONVERSION = YES;
				CLANG_WARN_OBJC_ROOT_CLASS = YES_ERROR;
				CLANG_WARN_QUOTED_INCLUDE_IN_FRAMEWORK_HEADER = YES;
				CLANG_WARN_RANGE_LOOP_ANALYSIS = YES;
				CLANG_WARN_STRICT_PROTOTYPES = YES;
				CLANG_WARN_SUSPICIOUS_MOVE = YES;
				CLANG_WARN_UNGUARDED_AVAILABILITY = YES_AGGRESSIVE;
				CLANG_WARN_UNREACHABLE_CODE = YES;
				CLANG_WARN__DUPLICATE_METHOD_MATCH = YES;
				COPY_PHASE_STRIP = NO;
				DEBUG_INFORMATION_FORMAT = dwarf;
				ENABLE_STRICT_OBJC_MSGSEND = YES;
				ENABLE_TESTABILITY = YES;
				GCC_C_LANGUAGE_STANDARD = gnu11;
				GCC_DYNAMIC_NO_PIC = NO;
				GCC_NO_COMMON_BLOCKS = YES;
				GCC_OPTIMIZATION_LEVEL = 0;
				GCC_PREPROCESSOR_DEFINITIONS = (
					"DEBUG=1",
					"$(inherited)",
				);
				GCC_WARN_64_TO_32_BIT_CONVERSION = YES;
				GCC_WARN_ABOUT_RETURN_TYPE = YES_ERROR;
				GCC_WARN_UNDECLARED_SELECTOR = YES;
				GCC_WARN_UNINITIALIZED_AUTOS = YES_AGGRESSIVE;
				GCC_WARN_UNUSED_FUNCTION = YES;
				GCC_WARN_UNUSED_VARIABLE = YES;
				IPHONEOS_DEPLOYMENT_TARGET = 14.1;
				MTL_ENABLE_DEBUG_INFO = INCLUDE_SOURCE;
				MTL_FAST_MATH = YES;
				ONLY_ACTIVE_ARCH = YES;
				SDKROOT = iphoneos;
				SWIFT_ACTIVE_COMPILATION_CONDITIONS = DEBUG;
				SWIFT_OPTIMIZATION_LEVEL = "-Onone";
			};
			name = Debug;
		};
		C76DFD9C258CD1DC006684F7 /* Release */ = {
			isa = XCBuildConfiguration;
			buildSettings = {
				ALWAYS_SEARCH_USER_PATHS = NO;
				CLANG_ANALYZER_NONNULL = YES;
				CLANG_ANALYZER_NUMBER_OBJECT_CONVERSION = YES_AGGRESSIVE;
				CLANG_CXX_LANGUAGE_STANDARD = "gnu++14";
				CLANG_CXX_LIBRARY = "libc++";
				CLANG_ENABLE_MODULES = YES;
				CLANG_ENABLE_OBJC_ARC = YES;
				CLANG_ENABLE_OBJC_WEAK = YES;
				CLANG_WARN_BLOCK_CAPTURE_AUTORELEASING = YES;
				CLANG_WARN_BOOL_CONVERSION = YES;
				CLANG_WARN_COMMA = YES;
				CLANG_WARN_CONSTANT_CONVERSION = YES;
				CLANG_WARN_DEPRECATED_OBJC_IMPLEMENTATIONS = YES;
				CLANG_WARN_DIRECT_OBJC_ISA_USAGE = YES_ERROR;
				CLANG_WARN_DOCUMENTATION_COMMENTS = YES;
				CLANG_WARN_EMPTY_BODY = YES;
				CLANG_WARN_ENUM_CONVERSION = YES;
				CLANG_WARN_INFINITE_RECURSION = YES;
				CLANG_WARN_INT_CONVERSION = YES;
				CLANG_WARN_NON_LITERAL_NULL_CONVERSION = YES;
				CLANG_WARN_OBJC_IMPLICIT_RETAIN_SELF = YES;
				CLANG_WARN_OBJC_LITERAL_CONVERSION = YES;
				CLANG_WARN_OBJC_ROOT_CLASS = YES_ERROR;
				CLANG_WARN_QUOTED_INCLUDE_IN_FRAMEWORK_HEADER = YES;
				CLANG_WARN_RANGE_LOOP_ANALYSIS = YES;
				CLANG_WARN_STRICT_PROTOTYPES = YES;
				CLANG_WARN_SUSPICIOUS_MOVE = YES;
				CLANG_WARN_UNGUARDED_AVAILABILITY = YES_AGGRESSIVE;
				CLANG_WARN_UNREACHABLE_CODE = YES;
				CLANG_WARN__DUPLICATE_METHOD_MATCH = YES;
				COPY_PHASE_STRIP = NO;
				DEBUG_INFORMATION_FORMAT = "dwarf-with-dsym";
				ENABLE_NS_ASSERTIONS = NO;
				ENABLE_STRICT_OBJC_MSGSEND = YES;
				GCC_C_LANGUAGE_STANDARD = gnu11;
				GCC_NO_COMMON_BLOCKS = YES;
				GCC_WARN_64_TO_32_BIT_CONVERSION = YES;
				GCC_WARN_ABOUT_RETURN_TYPE = YES_ERROR;
				GCC_WARN_UNDECLARED_SELECTOR = YES;
				GCC_WARN_UNINITIALIZED_AUTOS = YES_AGGRESSIVE;
				GCC_WARN_UNUSED_FUNCTION = YES;
				GCC_WARN_UNUSED_VARIABLE = YES;
				IPHONEOS_DEPLOYMENT_TARGET = 14.1;
				MTL_ENABLE_DEBUG_INFO = NO;
				MTL_FAST_MATH = YES;
				SDKROOT = iphoneos;
				SWIFT_COMPILATION_MODE = wholemodule;
				SWIFT_OPTIMIZATION_LEVEL = "-O";
				VALIDATE_PRODUCT = YES;
			};
			name = Release;
		};
		C76DFD9E258CD1DC006684F7 /* Debug */ = {
			isa = XCBuildConfiguration;
			buildSettings = {
				ASSETCATALOG_COMPILER_APPICON_NAME = AppIcon;
				ASSETCATALOG_COMPILER_GLOBAL_ACCENT_COLOR_NAME = AccentColor;
				CODE_SIGN_STYLE = Automatic;
				DEVELOPMENT_TEAM = Z629PZ4XVL;
				INFOPLIST_FILE = Test/Info.plist;
				LD_RUNPATH_SEARCH_PATHS = (
					"$(inherited)",
					"@executable_path/Frameworks",
				);
				PRODUCT_BUNDLE_IDENTIFIER = moonjs.Test;
				PRODUCT_NAME = "$(TARGET_NAME)";
				SWIFT_VERSION = 5.0;
				TARGETED_DEVICE_FAMILY = "1,2";
			};
			name = Debug;
		};
		C76DFD9F258CD1DC006684F7 /* Release */ = {
			isa = XCBuildConfiguration;
			buildSettings = {
				ASSETCATALOG_COMPILER_APPICON_NAME = AppIcon;
				ASSETCATALOG_COMPILER_GLOBAL_ACCENT_COLOR_NAME = AccentColor;
				CODE_SIGN_STYLE = Automatic;
				DEVELOPMENT_TEAM = Z629PZ4XVL;
				INFOPLIST_FILE = Test/Info.plist;
				LD_RUNPATH_SEARCH_PATHS = (
					"$(inherited)",
					"@executable_path/Frameworks",
				);
				PRODUCT_BUNDLE_IDENTIFIER = moonjs.Test;
				PRODUCT_NAME = "$(TARGET_NAME)";
				SWIFT_VERSION = 5.0;
				TARGETED_DEVICE_FAMILY = "1,2";
			};
			name = Release;
		};
		C76DFDA1258CD1DC006684F7 /* Debug */ = {
			isa = XCBuildConfiguration;
			buildSettings = {
				ALWAYS_EMBED_SWIFT_STANDARD_LIBRARIES = YES;
				BUNDLE_LOADER = "$(TEST_HOST)";
				CODE_SIGN_STYLE = Automatic;
				DEVELOPMENT_TEAM = Z629PZ4XVL;
				INFOPLIST_FILE = TestTests/Info.plist;
				IPHONEOS_DEPLOYMENT_TARGET = 14.1;
				LD_RUNPATH_SEARCH_PATHS = (
					"$(inherited)",
					"@executable_path/Frameworks",
					"@loader_path/Frameworks",
				);
				PRODUCT_BUNDLE_IDENTIFIER = moonjs.TestTests;
				PRODUCT_NAME = "$(TARGET_NAME)";
				SWIFT_VERSION = 5.0;
				TARGETED_DEVICE_FAMILY = "1,2";
				TEST_HOST = "$(BUILT_PRODUCTS_DIR)/Test.app/Test";
			};
			name = Debug;
		};
		C76DFDA2258CD1DC006684F7 /* Release */ = {
			isa = XCBuildConfiguration;
			buildSettings = {
				ALWAYS_EMBED_SWIFT_STANDARD_LIBRARIES = YES;
				BUNDLE_LOADER = "$(TEST_HOST)";
				CODE_SIGN_STYLE = Automatic;
				DEVELOPMENT_TEAM = Z629PZ4XVL;
				INFOPLIST_FILE = TestTests/Info.plist;
				IPHONEOS_DEPLOYMENT_TARGET = 14.1;
				LD_RUNPATH_SEARCH_PATHS = (
					"$(inherited)",
					"@executable_path/Frameworks",
					"@loader_path/Frameworks",
				);
				PRODUCT_BUNDLE_IDENTIFIER = moonjs.TestTests;
				PRODUCT_NAME = "$(TARGET_NAME)";
				SWIFT_VERSION = 5.0;
				TARGETED_DEVICE_FAMILY = "1,2";
				TEST_HOST = "$(BUILT_PRODUCTS_DIR)/Test.app/Test";
			};
			name = Release;
		};
		C76DFDA4258CD1DC006684F7 /* Debug */ = {
			isa = XCBuildConfiguration;
			buildSettings = {
				ALWAYS_EMBED_SWIFT_STANDARD_LIBRARIES = YES;
				CODE_SIGN_STYLE = Automatic;
				DEVELOPMENT_TEAM = Z629PZ4XVL;
				INFOPLIST_FILE = TestUITests/Info.plist;
				LD_RUNPATH_SEARCH_PATHS = (
					"$(inherited)",
					"@executable_path/Frameworks",
					"@loader_path/Frameworks",
				);
				PRODUCT_BUNDLE_IDENTIFIER = moonjs.TestUITests;
				PRODUCT_NAME = "$(TARGET_NAME)";
				SWIFT_VERSION = 5.0;
				TARGETED_DEVICE_FAMILY = "1,2";
				TEST_TARGET_NAME = Test;
			};
			name = Debug;
		};
		C76DFDA5258CD1DC006684F7 /* Release */ = {
			isa = XCBuildConfiguration;
			buildSettings = {
				ALWAYS_EMBED_SWIFT_STANDARD_LIBRARIES = YES;
				CODE_SIGN_STYLE = Automatic;
				DEVELOPMENT_TEAM = Z629PZ4XVL;
				INFOPLIST_FILE = TestUITests/Info.plist;
				LD_RUNPATH_SEARCH_PATHS = (
					"$(inherited)",
					"@executable_path/Frameworks",
					"@loader_path/Frameworks",
				);
				PRODUCT_BUNDLE_IDENTIFIER = moonjs.TestUITests;
				PRODUCT_NAME = "$(TARGET_NAME)";
				SWIFT_VERSION = 5.0;
				TARGETED_DEVICE_FAMILY = "1,2";
				TEST_TARGET_NAME = Test;
			};
			name = Release;
		};
/* End XCBuildConfiguration section */

/* Begin XCConfigurationList section */
		C76DFD6E258CD1D8006684F7 /* Build configuration list for PBXProject "Test" */ = {
			isa = XCConfigurationList;
			buildConfigurations = (
				C76DFD9B258CD1DC006684F7 /* Debug */,
				C76DFD9C258CD1DC006684F7 /* Release */,
			);
			defaultConfigurationIsVisible = 0;
			defaultConfigurationName = Release;
		};
		C76DFD9D258CD1DC006684F7 /* Build configuration list for PBXNativeTarget "Test" */ = {
			isa = XCConfigurationList;
			buildConfigurations = (
				C76DFD9E258CD1DC006684F7 /* Debug */,
				C76DFD9F258CD1DC006684F7 /* Release */,
			);
			defaultConfigurationIsVisible = 0;
			defaultConfigurationName = Release;
		};
		C76DFDA0258CD1DC006684F7 /* Build configuration list for PBXNativeTarget "TestTests" */ = {
			isa = XCConfigurationList;
			buildConfigurations = (
				C76DFDA1258CD1DC006684F7 /* Debug */,
				C76DFDA2258CD1DC006684F7 /* Release */,
			);
			defaultConfigurationIsVisible = 0;
			defaultConfigurationName = Release;
		};
		C76DFDA3258CD1DC006684F7 /* Build configuration list for PBXNativeTarget "TestUITests" */ = {
			isa = XCConfigurationList;
			buildConfigurations = (
				C76DFDA4258CD1DC006684F7 /* Debug */,
				C76DFDA5258CD1DC006684F7 /* Release */,
			);
			defaultConfigurationIsVisible = 0;
			defaultConfigurationName = Release;
		};
/* End XCConfigurationList section */
	};
	rootObject = C76DFD6B258CD1D8006684F7 /* Project object */;
}
