// !$*UTF8*$!
{
	archiveVersion = 1;
	classes = {
	};
	objectVersion = 50;
	objects = {

/* Begin PBXBuildFile section */
		C7A00A4F23BF1D270096DEB7 /* AppDelegate.swift in Sources */ = {isa = PBXBuildFile; fileRef = C7A00A4E23BF1D270096DEB7 /* AppDelegate.swift */; };
		C7A00A5123BF1D270096DEB7 /* SceneDelegate.swift in Sources */ = {isa = PBXBuildFile; fileRef = C7A00A5023BF1D270096DEB7 /* SceneDelegate.swift */; };
		C7A00A5323BF1D270096DEB7 /* ViewController.swift in Sources */ = {isa = PBXBuildFile; fileRef = C7A00A5223BF1D270096DEB7 /* ViewController.swift */; };
		C7A00A5623BF1D270096DEB7 /* Main.storyboard in Resources */ = {isa = PBXBuildFile; fileRef = C7A00A5423BF1D270096DEB7 /* Main.storyboard */; };
		C7A00A5823BF1D2A0096DEB7 /* Assets.xcassets in Resources */ = {isa = PBXBuildFile; fileRef = C7A00A5723BF1D2A0096DEB7 /* Assets.xcassets */; };
		C7A00A5B23BF1D2A0096DEB7 /* LaunchScreen.storyboard in Resources */ = {isa = PBXBuildFile; fileRef = C7A00A5923BF1D2A0096DEB7 /* LaunchScreen.storyboard */; };
		C7A00A6D23BF1DEA0096DEB7 /* 1.jpg in Resources */ = {isa = PBXBuildFile; fileRef = C7A00A6323BF1DEA0096DEB7 /* 1.jpg */; };
		C7A00A6E23BF1DEA0096DEB7 /* 3.jpg in Resources */ = {isa = PBXBuildFile; fileRef = C7A00A6423BF1DEA0096DEB7 /* 3.jpg */; };
		C7A00A6F23BF1DEA0096DEB7 /* 8.jpg in Resources */ = {isa = PBXBuildFile; fileRef = C7A00A6523BF1DEA0096DEB7 /* 8.jpg */; };
		C7A00A7023BF1DEA0096DEB7 /* 6.jpg in Resources */ = {isa = PBXBuildFile; fileRef = C7A00A6623BF1DEA0096DEB7 /* 6.jpg */; };
		C7A00A7123BF1DEA0096DEB7 /* 10.jpg in Resources */ = {isa = PBXBuildFile; fileRef = C7A00A6723BF1DEA0096DEB7 /* 10.jpg */; };
		C7A00A7223BF1DEA0096DEB7 /* 2.jpg in Resources */ = {isa = PBXBuildFile; fileRef = C7A00A6823BF1DEA0096DEB7 /* 2.jpg */; };
		C7A00A7323BF1DEA0096DEB7 /* 5.jpg in Resources */ = {isa = PBXBuildFile; fileRef = C7A00A6923BF1DEA0096DEB7 /* 5.jpg */; };
		C7A00A7423BF1DEA0096DEB7 /* 7.jpg in Resources */ = {isa = PBXBuildFile; fileRef = C7A00A6A23BF1DEA0096DEB7 /* 7.jpg */; };
		C7A00A7523BF1DEA0096DEB7 /* 9.jpg in Resources */ = {isa = PBXBuildFile; fileRef = C7A00A6B23BF1DEA0096DEB7 /* 9.jpg */; };
		C7A00A7623BF1DEA0096DEB7 /* 4.jpg in Resources */ = {isa = PBXBuildFile; fileRef = C7A00A6C23BF1DEA0096DEB7 /* 4.jpg */; };
		C7A00A7E23BF2ED20096DEB7 /* lamp-off.png in Resources */ = {isa = PBXBuildFile; fileRef = C7A00A7B23BF2ED10096DEB7 /* lamp-off.png */; };
		C7A00A7F23BF2ED20096DEB7 /* lamp-remove.png in Resources */ = {isa = PBXBuildFile; fileRef = C7A00A7C23BF2ED10096DEB7 /* lamp-remove.png */; };
		C7A00A8023BF2ED20096DEB7 /* lamp-on.png in Resources */ = {isa = PBXBuildFile; fileRef = C7A00A7D23BF2ED20096DEB7 /* lamp-on.png */; };
		C7BBAA4823BFA15800B13F76 /* htmlView.html in Resources */ = {isa = PBXBuildFile; fileRef = C7BBAA4723BFA15800B13F76 /* htmlView.html */; };
/* End PBXBuildFile section */

/* Begin PBXFileReference section */
		C7A00A4B23BF1D270096DEB7 /* studyApp1.app */ = {isa = PBXFileReference; explicitFileType = wrapper.application; includeInIndex = 0; path = studyApp1.app; sourceTree = BUILT_PRODUCTS_DIR; };
		C7A00A4E23BF1D270096DEB7 /* AppDelegate.swift */ = {isa = PBXFileReference; lastKnownFileType = sourcecode.swift; path = AppDelegate.swift; sourceTree = "<group>"; };
		C7A00A5023BF1D270096DEB7 /* SceneDelegate.swift */ = {isa = PBXFileReference; lastKnownFileType = sourcecode.swift; path = SceneDelegate.swift; sourceTree = "<group>"; };
		C7A00A5223BF1D270096DEB7 /* ViewController.swift */ = {isa = PBXFileReference; lastKnownFileType = sourcecode.swift; path = ViewController.swift; sourceTree = "<group>"; };
		C7A00A5523BF1D270096DEB7 /* Base */ = {isa = PBXFileReference; lastKnownFileType = file.storyboard; name = Base; path = Base.lproj/Main.storyboard; sourceTree = "<group>"; };
		C7A00A5723BF1D2A0096DEB7 /* Assets.xcassets */ = {isa = PBXFileReference; lastKnownFileType = folder.assetcatalog; path = Assets.xcassets; sourceTree = "<group>"; };
		C7A00A5A23BF1D2A0096DEB7 /* Base */ = {isa = PBXFileReference; lastKnownFileType = file.storyboard; name = Base; path = Base.lproj/LaunchScreen.storyboard; sourceTree = "<group>"; };
		C7A00A5C23BF1D2A0096DEB7 /* Info.plist */ = {isa = PBXFileReference; lastKnownFileType = text.plist.xml; path = Info.plist; sourceTree = "<group>"; };
		C7A00A6323BF1DEA0096DEB7 /* 1.jpg */ = {isa = PBXFileReference; lastKnownFileType = image.jpeg; path = 1.jpg; sourceTree = "<group>"; };
		C7A00A6423BF1DEA0096DEB7 /* 3.jpg */ = {isa = PBXFileReference; lastKnownFileType = image.jpeg; path = 3.jpg; sourceTree = "<group>"; };
		C7A00A6523BF1DEA0096DEB7 /* 8.jpg */ = {isa = PBXFileReference; lastKnownFileType = image.jpeg; path = 8.jpg; sourceTree = "<group>"; };
		C7A00A6623BF1DEA0096DEB7 /* 6.jpg */ = {isa = PBXFileReference; lastKnownFileType = image.jpeg; path = 6.jpg; sourceTree = "<group>"; };
		C7A00A6723BF1DEA0096DEB7 /* 10.jpg */ = {isa = PBXFileReference; lastKnownFileType = image.jpeg; path = 10.jpg; sourceTree = "<group>"; };
		C7A00A6823BF1DEA0096DEB7 /* 2.jpg */ = {isa = PBXFileReference; lastKnownFileType = image.jpeg; path = 2.jpg; sourceTree = "<group>"; };
		C7A00A6923BF1DEA0096DEB7 /* 5.jpg */ = {isa = PBXFileReference; lastKnownFileType = image.jpeg; path = 5.jpg; sourceTree = "<group>"; };
		C7A00A6A23BF1DEA0096DEB7 /* 7.jpg */ = {isa = PBXFileReference; lastKnownFileType = image.jpeg; path = 7.jpg; sourceTree = "<group>"; };
		C7A00A6B23BF1DEA0096DEB7 /* 9.jpg */ = {isa = PBXFileReference; lastKnownFileType = image.jpeg; path = 9.jpg; sourceTree = "<group>"; };
		C7A00A6C23BF1DEA0096DEB7 /* 4.jpg */ = {isa = PBXFileReference; lastKnownFileType = image.jpeg; path = 4.jpg; sourceTree = "<group>"; };
		C7A00A7B23BF2ED10096DEB7 /* lamp-off.png */ = {isa = PBXFileReference; lastKnownFileType = image.png; path = "lamp-off.png"; sourceTree = "<group>"; };
		C7A00A7C23BF2ED10096DEB7 /* lamp-remove.png */ = {isa = PBXFileReference; lastKnownFileType = image.png; path = "lamp-remove.png"; sourceTree = "<group>"; };
		C7A00A7D23BF2ED20096DEB7 /* lamp-on.png */ = {isa = PBXFileReference; lastKnownFileType = image.png; path = "lamp-on.png"; sourceTree = "<group>"; };
		C7BBAA4723BFA15800B13F76 /* htmlView.html */ = {isa = PBXFileReference; lastKnownFileType = text.html; path = htmlView.html; sourceTree = "<group>"; };
/* End PBXFileReference section */

/* Begin PBXFrameworksBuildPhase section */
		C7A00A4823BF1D270096DEB7 /* Frameworks */ = {
			isa = PBXFrameworksBuildPhase;
			buildActionMask = 2147483647;
			files = (
			);
			runOnlyForDeploymentPostprocessing = 0;
		};
/* End PBXFrameworksBuildPhase section */

/* Begin PBXGroup section */
		C7A00A4223BF1D270096DEB7 = {
			isa = PBXGroup;
			children = (
				C7A00A4D23BF1D270096DEB7 /* studyApp1 */,
				C7A00A4C23BF1D270096DEB7 /* Products */,
			);
			sourceTree = "<group>";
		};
		C7A00A4C23BF1D270096DEB7 /* Products */ = {
			isa = PBXGroup;
			children = (
				C7A00A4B23BF1D270096DEB7 /* studyApp1.app */,
			);
			name = Products;
			sourceTree = "<group>";
		};
		C7A00A4D23BF1D270096DEB7 /* studyApp1 */ = {
			isa = PBXGroup;
			children = (
				C7A00A6223BF1DC30096DEB7 /* images */,
				C7A00A4E23BF1D270096DEB7 /* AppDelegate.swift */,
				C7A00A5023BF1D270096DEB7 /* SceneDelegate.swift */,
				C7A00A5223BF1D270096DEB7 /* ViewController.swift */,
				C7A00A5423BF1D270096DEB7 /* Main.storyboard */,
				C7A00A5723BF1D2A0096DEB7 /* Assets.xcassets */,
				C7A00A5923BF1D2A0096DEB7 /* LaunchScreen.storyboard */,
				C7A00A5C23BF1D2A0096DEB7 /* Info.plist */,
				C7BBAA4723BFA15800B13F76 /* htmlView.html */,
			);
			path = studyApp1;
			sourceTree = "<group>";
		};
		C7A00A6223BF1DC30096DEB7 /* images */ = {
			isa = PBXGroup;
			children = (
				C7A00A7B23BF2ED10096DEB7 /* lamp-off.png */,
				C7A00A7D23BF2ED20096DEB7 /* lamp-on.png */,
				C7A00A7C23BF2ED10096DEB7 /* lamp-remove.png */,
				C7A00A6323BF1DEA0096DEB7 /* 1.jpg */,
				C7A00A6823BF1DEA0096DEB7 /* 2.jpg */,
				C7A00A6423BF1DEA0096DEB7 /* 3.jpg */,
				C7A00A6C23BF1DEA0096DEB7 /* 4.jpg */,
				C7A00A6923BF1DEA0096DEB7 /* 5.jpg */,
				C7A00A6623BF1DEA0096DEB7 /* 6.jpg */,
				C7A00A6A23BF1DEA0096DEB7 /* 7.jpg */,
				C7A00A6523BF1DEA0096DEB7 /* 8.jpg */,
				C7A00A6B23BF1DEA0096DEB7 /* 9.jpg */,
				C7A00A6723BF1DEA0096DEB7 /* 10.jpg */,
			);
			path = images;
			sourceTree = "<group>";
		};
/* End PBXGroup section */

/* Begin PBXNativeTarget section */
		C7A00A4A23BF1D270096DEB7 /* studyApp1 */ = {
			isa = PBXNativeTarget;
			buildConfigurationList = C7A00A5F23BF1D2A0096DEB7 /* Build configuration list for PBXNativeTarget "studyApp1" */;
			buildPhases = (
				C7A00A4723BF1D270096DEB7 /* Sources */,
				C7A00A4823BF1D270096DEB7 /* Frameworks */,
				C7A00A4923BF1D270096DEB7 /* Resources */,
			);
			buildRules = (
			);
			dependencies = (
			);
			name = studyApp1;
			productName = studyApp1;
			productReference = C7A00A4B23BF1D270096DEB7 /* studyApp1.app */;
			productType = "com.apple.product-type.application";
		};
/* End PBXNativeTarget section */

/* Begin PBXProject section */
		C7A00A4323BF1D270096DEB7 /* Project object */ = {
			isa = PBXProject;
			attributes = {
				LastSwiftUpdateCheck = 1130;
				LastUpgradeCheck = 1130;
				ORGANIZATIONNAME = "문종식";
				TargetAttributes = {
					C7A00A4A23BF1D270096DEB7 = {
						CreatedOnToolsVersion = 11.3;
					};
				};
			};
			buildConfigurationList = C7A00A4623BF1D270096DEB7 /* Build configuration list for PBXProject "studyApp1" */;
			compatibilityVersion = "Xcode 9.3";
			developmentRegion = en;
			hasScannedForEncodings = 0;
			knownRegions = (
				en,
				Base,
			);
			mainGroup = C7A00A4223BF1D270096DEB7;
			productRefGroup = C7A00A4C23BF1D270096DEB7 /* Products */;
			projectDirPath = "";
			projectRoot = "";
			targets = (
				C7A00A4A23BF1D270096DEB7 /* studyApp1 */,
			);
		};
/* End PBXProject section */

/* Begin PBXResourcesBuildPhase section */
		C7A00A4923BF1D270096DEB7 /* Resources */ = {
			isa = PBXResourcesBuildPhase;
			buildActionMask = 2147483647;
			files = (
				C7A00A7423BF1DEA0096DEB7 /* 7.jpg in Resources */,
				C7A00A7F23BF2ED20096DEB7 /* lamp-remove.png in Resources */,
				C7BBAA4823BFA15800B13F76 /* htmlView.html in Resources */,
				C7A00A8023BF2ED20096DEB7 /* lamp-on.png in Resources */,
				C7A00A7E23BF2ED20096DEB7 /* lamp-off.png in Resources */,
				C7A00A7023BF1DEA0096DEB7 /* 6.jpg in Resources */,
				C7A00A7323BF1DEA0096DEB7 /* 5.jpg in Resources */,
				C7A00A6F23BF1DEA0096DEB7 /* 8.jpg in Resources */,
				C7A00A6E23BF1DEA0096DEB7 /* 3.jpg in Resources */,
				C7A00A7223BF1DEA0096DEB7 /* 2.jpg in Resources */,
				C7A00A5B23BF1D2A0096DEB7 /* LaunchScreen.storyboard in Resources */,
				C7A00A6D23BF1DEA0096DEB7 /* 1.jpg in Resources */,
				C7A00A5823BF1D2A0096DEB7 /* Assets.xcassets in Resources */,
				C7A00A7523BF1DEA0096DEB7 /* 9.jpg in Resources */,
				C7A00A7123BF1DEA0096DEB7 /* 10.jpg in Resources */,
				C7A00A5623BF1D270096DEB7 /* Main.storyboard in Resources */,
				C7A00A7623BF1DEA0096DEB7 /* 4.jpg in Resources */,
			);
			runOnlyForDeploymentPostprocessing = 0;
		};
/* End PBXResourcesBuildPhase section */

/* Begin PBXSourcesBuildPhase section */
		C7A00A4723BF1D270096DEB7 /* Sources */ = {
			isa = PBXSourcesBuildPhase;
			buildActionMask = 2147483647;
			files = (
				C7A00A5323BF1D270096DEB7 /* ViewController.swift in Sources */,
				C7A00A4F23BF1D270096DEB7 /* AppDelegate.swift in Sources */,
				C7A00A5123BF1D270096DEB7 /* SceneDelegate.swift in Sources */,
			);
			runOnlyForDeploymentPostprocessing = 0;
		};
/* End PBXSourcesBuildPhase section */

/* Begin PBXVariantGroup section */
		C7A00A5423BF1D270096DEB7 /* Main.storyboard */ = {
			isa = PBXVariantGroup;
			children = (
				C7A00A5523BF1D270096DEB7 /* Base */,
			);
			name = Main.storyboard;
			sourceTree = "<group>";
		};
		C7A00A5923BF1D2A0096DEB7 /* LaunchScreen.storyboard */ = {
			isa = PBXVariantGroup;
			children = (
				C7A00A5A23BF1D2A0096DEB7 /* Base */,
			);
			name = LaunchScreen.storyboard;
			sourceTree = "<group>";
		};
/* End PBXVariantGroup section */

/* Begin XCBuildConfiguration section */
		C7A00A5D23BF1D2A0096DEB7 /* Debug */ = {
			isa = XCBuildConfiguration;
			buildSettings = {
				ALWAYS_SEARCH_USER_PATHS = NO;
				CLANG_ANALYZER_NONNULL = YES;
				CLANG_ANALYZER_NUMBER_OBJECT_CONVERSION = YES_AGGRESSIVE;
				CLANG_CXX_LANGUAGE_STANDARD = "gnu++14";
				CLANG_CXX_LIBRARY = "libc++";
				CLANG_ENABLE_MODULES = YES;
				CLANG_ENABLE_OBJC_ARC = YES;
				CLANG_ENABLE_OBJC_WEAK = YES;
				CLANG_WARN_BLOCK_CAPTURE_AUTORELEASING = YES;
				CLANG_WARN_BOOL_CONVERSION = YES;
				CLANG_WARN_COMMA = YES;
				CLANG_WARN_CONSTANT_CONVERSION = YES;
				CLANG_WARN_DEPRECATED_OBJC_IMPLEMENTATIONS = YES;
				CLANG_WARN_DIRECT_OBJC_ISA_USAGE = YES_ERROR;
				CLANG_WARN_DOCUMENTATION_COMMENTS = YES;
				CLANG_WARN_EMPTY_BODY = YES;
				CLANG_WARN_ENUM_CONVERSION = YES;
				CLANG_WARN_INFINITE_RECURSION = YES;
				CLANG_WARN_INT_CONVERSION = YES;
				CLANG_WARN_NON_LITERAL_NULL_CONVERSION = YES;
				CLANG_WARN_OBJC_IMPLICIT_RETAIN_SELF = YES;
				CLANG_WARN_OBJC_LITERAL_CONVERSION = YES;
				CLANG_WARN_OBJC_ROOT_CLASS = YES_ERROR;
				CLANG_WARN_RANGE_LOOP_ANALYSIS = YES;
				CLANG_WARN_STRICT_PROTOTYPES = YES;
				CLANG_WARN_SUSPICIOUS_MOVE = YES;
				CLANG_WARN_UNGUARDED_AVAILABILITY = YES_AGGRESSIVE;
				CLANG_WARN_UNREACHABLE_CODE = YES;
				CLANG_WARN__DUPLICATE_METHOD_MATCH = YES;
				COPY_PHASE_STRIP = NO;
				DEBUG_INFORMATION_FORMAT = dwarf;
				ENABLE_STRICT_OBJC_MSGSEND = YES;
				ENABLE_TESTABILITY = YES;
				GCC_C_LANGUAGE_STANDARD = gnu11;
				GCC_DYNAMIC_NO_PIC = NO;
				GCC_NO_COMMON_BLOCKS = YES;
				GCC_OPTIMIZATION_LEVEL = 0;
				GCC_PREPROCESSOR_DEFINITIONS = (
					"DEBUG=1",
					"$(inherited)",
				);
				GCC_WARN_64_TO_32_BIT_CONVERSION = YES;
				GCC_WARN_ABOUT_RETURN_TYPE = YES_ERROR;
				GCC_WARN_UNDECLARED_SELECTOR = YES;
				GCC_WARN_UNINITIALIZED_AUTOS = YES_AGGRESSIVE;
				GCC_WARN_UNUSED_FUNCTION = YES;
				GCC_WARN_UNUSED_VARIABLE = YES;
				IPHONEOS_DEPLOYMENT_TARGET = 13.2;
				MTL_ENABLE_DEBUG_INFO = INCLUDE_SOURCE;
				MTL_FAST_MATH = YES;
				ONLY_ACTIVE_ARCH = YES;
				SDKROOT = iphoneos;
				SWIFT_ACTIVE_COMPILATION_CONDITIONS = DEBUG;
				SWIFT_OPTIMIZATION_LEVEL = "-Onone";
			};
			name = Debug;
		};
		C7A00A5E23BF1D2A0096DEB7 /* Release */ = {
			isa = XCBuildConfiguration;
			buildSettings = {
				ALWAYS_SEARCH_USER_PATHS = NO;
				CLANG_ANALYZER_NONNULL = YES;
				CLANG_ANALYZER_NUMBER_OBJECT_CONVERSION = YES_AGGRESSIVE;
				CLANG_CXX_LANGUAGE_STANDARD = "gnu++14";
				CLANG_CXX_LIBRARY = "libc++";
				CLANG_ENABLE_MODULES = YES;
				CLANG_ENABLE_OBJC_ARC = YES;
				CLANG_ENABLE_OBJC_WEAK = YES;
				CLANG_WARN_BLOCK_CAPTURE_AUTORELEASING = YES;
				CLANG_WARN_BOOL_CONVERSION = YES;
				CLANG_WARN_COMMA = YES;
				CLANG_WARN_CONSTANT_CONVERSION = YES;
				CLANG_WARN_DEPRECATED_OBJC_IMPLEMENTATIONS = YES;
				CLANG_WARN_DIRECT_OBJC_ISA_USAGE = YES_ERROR;
				CLANG_WARN_DOCUMENTATION_COMMENTS = YES;
				CLANG_WARN_EMPTY_BODY = YES;
				CLANG_WARN_ENUM_CONVERSION = YES;
				CLANG_WARN_INFINITE_RECURSION = YES;
				CLANG_WARN_INT_CONVERSION = YES;
				CLANG_WARN_NON_LITERAL_NULL_CONVERSION = YES;
				CLANG_WARN_OBJC_IMPLICIT_RETAIN_SELF = YES;
				CLANG_WARN_OBJC_LITERAL_CONVERSION = YES;
				CLANG_WARN_OBJC_ROOT_CLASS = YES_ERROR;
				CLANG_WARN_RANGE_LOOP_ANALYSIS = YES;
				CLANG_WARN_STRICT_PROTOTYPES = YES;
				CLANG_WARN_SUSPICIOUS_MOVE = YES;
				CLANG_WARN_UNGUARDED_AVAILABILITY = YES_AGGRESSIVE;
				CLANG_WARN_UNREACHABLE_CODE = YES;
				CLANG_WARN__DUPLICATE_METHOD_MATCH = YES;
				COPY_PHASE_STRIP = NO;
				DEBUG_INFORMATION_FORMAT = "dwarf-with-dsym";
				ENABLE_NS_ASSERTIONS = NO;
				ENABLE_STRICT_OBJC_MSGSEND = YES;
				GCC_C_LANGUAGE_STANDARD = gnu11;
				GCC_NO_COMMON_BLOCKS = YES;
				GCC_WARN_64_TO_32_BIT_CONVERSION = YES;
				GCC_WARN_ABOUT_RETURN_TYPE = YES_ERROR;
				GCC_WARN_UNDECLARED_SELECTOR = YES;
				GCC_WARN_UNINITIALIZED_AUTOS = YES_AGGRESSIVE;
				GCC_WARN_UNUSED_FUNCTION = YES;
				GCC_WARN_UNUSED_VARIABLE = YES;
				IPHONEOS_DEPLOYMENT_TARGET = 13.2;
				MTL_ENABLE_DEBUG_INFO = NO;
				MTL_FAST_MATH = YES;
				SDKROOT = iphoneos;
				SWIFT_COMPILATION_MODE = wholemodule;
				SWIFT_OPTIMIZATION_LEVEL = "-O";
				VALIDATE_PRODUCT = YES;
			};
			name = Release;
		};
		C7A00A6023BF1D2A0096DEB7 /* Debug */ = {
			isa = XCBuildConfiguration;
			buildSettings = {
				ASSETCATALOG_COMPILER_APPICON_NAME = AppIcon;
				CODE_SIGN_STYLE = Automatic;
				DEVELOPMENT_TEAM = Z629PZ4XVL;
				INFOPLIST_FILE = studyApp1/Info.plist;
				LD_RUNPATH_SEARCH_PATHS = (
					"$(inherited)",
					"@executable_path/Frameworks",
				);
				PRODUCT_BUNDLE_IDENTIFIER = Project.studyApp1;
				PRODUCT_NAME = "$(TARGET_NAME)";
				SWIFT_VERSION = 5.0;
				TARGETED_DEVICE_FAMILY = "1,2";
			};
			name = Debug;
		};
		C7A00A6123BF1D2A0096DEB7 /* Release */ = {
			isa = XCBuildConfiguration;
			buildSettings = {
				ASSETCATALOG_COMPILER_APPICON_NAME = AppIcon;
				CODE_SIGN_STYLE = Automatic;
				DEVELOPMENT_TEAM = Z629PZ4XVL;
				INFOPLIST_FILE = studyApp1/Info.plist;
				LD_RUNPATH_SEARCH_PATHS = (
					"$(inherited)",
					"@executable_path/Frameworks",
				);
				PRODUCT_BUNDLE_IDENTIFIER = Project.studyApp1;
				PRODUCT_NAME = "$(TARGET_NAME)";
				SWIFT_VERSION = 5.0;
				TARGETED_DEVICE_FAMILY = "1,2";
			};
			name = Release;
		};
/* End XCBuildConfiguration section */

/* Begin XCConfigurationList section */
		C7A00A4623BF1D270096DEB7 /* Build configuration list for PBXProject "studyApp1" */ = {
			isa = XCConfigurationList;
			buildConfigurations = (
				C7A00A5D23BF1D2A0096DEB7 /* Debug */,
				C7A00A5E23BF1D2A0096DEB7 /* Release */,
			);
			defaultConfigurationIsVisible = 0;
			defaultConfigurationName = Release;
		};
		C7A00A5F23BF1D2A0096DEB7 /* Build configuration list for PBXNativeTarget "studyApp1" */ = {
			isa = XCConfigurationList;
			buildConfigurations = (
				C7A00A6023BF1D2A0096DEB7 /* Debug */,
				C7A00A6123BF1D2A0096DEB7 /* Release */,
			);
			defaultConfigurationIsVisible = 0;
			defaultConfigurationName = Release;
		};
/* End XCConfigurationList section */
	};
	rootObject = C7A00A4323BF1D270096DEB7 /* Project object */;
}
