// !$*UTF8*$!
{
	archiveVersion = 1;
	classes = {
	};
	objectVersion = 50;
	objects = {

/* Begin PBXBuildFile section */
		C7A00A2F23BED26C0096DEB7 /* lamp_on.png in Resources */ = {isa = PBXBuildFile; fileRef = C7A00A2D23BED26C0096DEB7 /* lamp_on.png */; };
		C7A00A3023BED26C0096DEB7 /* lamp_off.png in Resources */ = {isa = PBXBuildFile; fileRef = C7A00A2E23BED26C0096DEB7 /* lamp_off.png */; };
		C7A00A3723BEE1010096DEB7 /* 2.png in Resources */ = {isa = PBXBuildFile; fileRef = C7A00A3123BEE1000096DEB7 /* 2.png */; };
		C7A00A3823BEE1010096DEB7 /* 5.png in Resources */ = {isa = PBXBuildFile; fileRef = C7A00A3223BEE1000096DEB7 /* 5.png */; };
		C7A00A3923BEE1010096DEB7 /* 3.png in Resources */ = {isa = PBXBuildFile; fileRef = C7A00A3323BEE1000096DEB7 /* 3.png */; };
		C7A00A3A23BEE1010096DEB7 /* 1.png in Resources */ = {isa = PBXBuildFile; fileRef = C7A00A3423BEE1000096DEB7 /* 1.png */; };
		C7A00A3B23BEE1010096DEB7 /* 6.png in Resources */ = {isa = PBXBuildFile; fileRef = C7A00A3523BEE1010096DEB7 /* 6.png */; };
		C7A00A3C23BEE1010096DEB7 /* 4.png in Resources */ = {isa = PBXBuildFile; fileRef = C7A00A3623BEE1010096DEB7 /* 4.png */; };
		C7DE781B23BE4A9800529889 /* AppDelegate.swift in Sources */ = {isa = PBXBuildFile; fileRef = C7DE781A23BE4A9800529889 /* AppDelegate.swift */; };
		C7DE781D23BE4A9800529889 /* SceneDelegate.swift in Sources */ = {isa = PBXBuildFile; fileRef = C7DE781C23BE4A9800529889 /* SceneDelegate.swift */; };
		C7DE781F23BE4A9800529889 /* ViewController.swift in Sources */ = {isa = PBXBuildFile; fileRef = C7DE781E23BE4A9800529889 /* ViewController.swift */; };
		C7DE782223BE4A9800529889 /* Main.storyboard in Resources */ = {isa = PBXBuildFile; fileRef = C7DE782023BE4A9800529889 /* Main.storyboard */; };
		C7DE782423BE4A9900529889 /* Assets.xcassets in Resources */ = {isa = PBXBuildFile; fileRef = C7DE782323BE4A9900529889 /* Assets.xcassets */; };
		C7DE782723BE4A9900529889 /* LaunchScreen.storyboard in Resources */ = {isa = PBXBuildFile; fileRef = C7DE782523BE4A9900529889 /* LaunchScreen.storyboard */; };
/* End PBXBuildFile section */

/* Begin PBXFileReference section */
		C7A00A2D23BED26C0096DEB7 /* lamp_on.png */ = {isa = PBXFileReference; lastKnownFileType = image.png; path = lamp_on.png; sourceTree = "<group>"; };
		C7A00A2E23BED26C0096DEB7 /* lamp_off.png */ = {isa = PBXFileReference; lastKnownFileType = image.png; path = lamp_off.png; sourceTree = "<group>"; };
		C7A00A3123BEE1000096DEB7 /* 2.png */ = {isa = PBXFileReference; lastKnownFileType = image.png; path = 2.png; sourceTree = "<group>"; };
		C7A00A3223BEE1000096DEB7 /* 5.png */ = {isa = PBXFileReference; lastKnownFileType = image.png; path = 5.png; sourceTree = "<group>"; };
		C7A00A3323BEE1000096DEB7 /* 3.png */ = {isa = PBXFileReference; lastKnownFileType = image.png; path = 3.png; sourceTree = "<group>"; };
		C7A00A3423BEE1000096DEB7 /* 1.png */ = {isa = PBXFileReference; lastKnownFileType = image.png; path = 1.png; sourceTree = "<group>"; };
		C7A00A3523BEE1010096DEB7 /* 6.png */ = {isa = PBXFileReference; lastKnownFileType = image.png; path = 6.png; sourceTree = "<group>"; };
		C7A00A3623BEE1010096DEB7 /* 4.png */ = {isa = PBXFileReference; lastKnownFileType = image.png; path = 4.png; sourceTree = "<group>"; };
		C7DE781723BE4A9800529889 /* studyApp0.app */ = {isa = PBXFileReference; explicitFileType = wrapper.application; includeInIndex = 0; path = studyApp0.app; sourceTree = BUILT_PRODUCTS_DIR; };
		C7DE781A23BE4A9800529889 /* AppDelegate.swift */ = {isa = PBXFileReference; lastKnownFileType = sourcecode.swift; path = AppDelegate.swift; sourceTree = "<group>"; };
		C7DE781C23BE4A9800529889 /* SceneDelegate.swift */ = {isa = PBXFileReference; lastKnownFileType = sourcecode.swift; path = SceneDelegate.swift; sourceTree = "<group>"; };
		C7DE781E23BE4A9800529889 /* ViewController.swift */ = {isa = PBXFileReference; lastKnownFileType = sourcecode.swift; path = ViewController.swift; sourceTree = "<group>"; };
		C7DE782123BE4A9800529889 /* Base */ = {isa = PBXFileReference; lastKnownFileType = file.storyboard; name = Base; path = Base.lproj/Main.storyboard; sourceTree = "<group>"; };
		C7DE782323BE4A9900529889 /* Assets.xcassets */ = {isa = PBXFileReference; lastKnownFileType = folder.assetcatalog; path = Assets.xcassets; sourceTree = "<group>"; };
		C7DE782623BE4A9900529889 /* Base */ = {isa = PBXFileReference; lastKnownFileType = file.storyboard; name = Base; path = Base.lproj/LaunchScreen.storyboard; sourceTree = "<group>"; };
		C7DE782823BE4A9900529889 /* Info.plist */ = {isa = PBXFileReference; lastKnownFileType = text.plist.xml; path = Info.plist; sourceTree = "<group>"; };
/* End PBXFileReference section */

/* Begin PBXFrameworksBuildPhase section */
		C7DE781423BE4A9800529889 /* Frameworks */ = {
			isa = PBXFrameworksBuildPhase;
			buildActionMask = 2147483647;
			files = (
			);
			runOnlyForDeploymentPostprocessing = 0;
		};
/* End PBXFrameworksBuildPhase section */

/* Begin PBXGroup section */
		C7A00A7A23BF25530096DEB7 /* image */ = {
			isa = PBXGroup;
			children = (
				C7A00A3423BEE1000096DEB7 /* 1.png */,
				C7A00A3123BEE1000096DEB7 /* 2.png */,
				C7A00A3323BEE1000096DEB7 /* 3.png */,
				C7A00A3623BEE1010096DEB7 /* 4.png */,
				C7A00A3223BEE1000096DEB7 /* 5.png */,
				C7A00A3523BEE1010096DEB7 /* 6.png */,
				C7A00A2E23BED26C0096DEB7 /* lamp_off.png */,
				C7A00A2D23BED26C0096DEB7 /* lamp_on.png */,
			);
			path = image;
			sourceTree = "<group>";
		};
		C7DE780E23BE4A9800529889 = {
			isa = PBXGroup;
			children = (
				C7DE781923BE4A9800529889 /* studyApp0 */,
				C7DE781823BE4A9800529889 /* Products */,
			);
			sourceTree = "<group>";
		};
		C7DE781823BE4A9800529889 /* Products */ = {
			isa = PBXGroup;
			children = (
				C7DE781723BE4A9800529889 /* studyApp0.app */,
			);
			name = Products;
			sourceTree = "<group>";
		};
		C7DE781923BE4A9800529889 /* studyApp0 */ = {
			isa = PBXGroup;
			children = (
				C7A00A7A23BF25530096DEB7 /* image */,
				C7DE781A23BE4A9800529889 /* AppDelegate.swift */,
				C7DE781C23BE4A9800529889 /* SceneDelegate.swift */,
				C7DE781E23BE4A9800529889 /* ViewController.swift */,
				C7DE782023BE4A9800529889 /* Main.storyboard */,
				C7DE782323BE4A9900529889 /* Assets.xcassets */,
				C7DE782523BE4A9900529889 /* LaunchScreen.storyboard */,
				C7DE782823BE4A9900529889 /* Info.plist */,
			);
			path = studyApp0;
			sourceTree = "<group>";
		};
/* End PBXGroup section */

/* Begin PBXNativeTarget section */
		C7DE781623BE4A9800529889 /* studyApp0 */ = {
			isa = PBXNativeTarget;
			buildConfigurationList = C7DE782B23BE4A9900529889 /* Build configuration list for PBXNativeTarget "studyApp0" */;
			buildPhases = (
				C7DE781323BE4A9800529889 /* Sources */,
				C7DE781423BE4A9800529889 /* Frameworks */,
				C7DE781523BE4A9800529889 /* Resources */,
			);
			buildRules = (
			);
			dependencies = (
			);
			name = studyApp0;
			productName = studyApp0;
			productReference = C7DE781723BE4A9800529889 /* studyApp0.app */;
			productType = "com.apple.product-type.application";
		};
/* End PBXNativeTarget section */

/* Begin PBXProject section */
		C7DE780F23BE4A9800529889 /* Project object */ = {
			isa = PBXProject;
			attributes = {
				LastSwiftUpdateCheck = 1130;
				LastUpgradeCheck = 1130;
				ORGANIZATIONNAME = "문종식";
				TargetAttributes = {
					C7DE781623BE4A9800529889 = {
						CreatedOnToolsVersion = 11.3;
					};
				};
			};
			buildConfigurationList = C7DE781223BE4A9800529889 /* Build configuration list for PBXProject "studyApp0" */;
			compatibilityVersion = "Xcode 9.3";
			developmentRegion = en;
			hasScannedForEncodings = 0;
			knownRegions = (
				en,
				Base,
			);
			mainGroup = C7DE780E23BE4A9800529889;
			productRefGroup = C7DE781823BE4A9800529889 /* Products */;
			projectDirPath = "";
			projectRoot = "";
			targets = (
				C7DE781623BE4A9800529889 /* studyApp0 */,
			);
		};
/* End PBXProject section */

/* Begin PBXResourcesBuildPhase section */
		C7DE781523BE4A9800529889 /* Resources */ = {
			isa = PBXResourcesBuildPhase;
			buildActionMask = 2147483647;
			files = (
				C7A00A3C23BEE1010096DEB7 /* 4.png in Resources */,
				C7A00A3A23BEE1010096DEB7 /* 1.png in Resources */,
				C7A00A3723BEE1010096DEB7 /* 2.png in Resources */,
				C7A00A2F23BED26C0096DEB7 /* lamp_on.png in Resources */,
				C7DE782723BE4A9900529889 /* LaunchScreen.storyboard in Resources */,
				C7A00A3B23BEE1010096DEB7 /* 6.png in Resources */,
				C7A00A3923BEE1010096DEB7 /* 3.png in Resources */,
				C7A00A3023BED26C0096DEB7 /* lamp_off.png in Resources */,
				C7A00A3823BEE1010096DEB7 /* 5.png in Resources */,
				C7DE782423BE4A9900529889 /* Assets.xcassets in Resources */,
				C7DE782223BE4A9800529889 /* Main.storyboard in Resources */,
			);
			runOnlyForDeploymentPostprocessing = 0;
		};
/* End PBXResourcesBuildPhase section */

/* Begin PBXSourcesBuildPhase section */
		C7DE781323BE4A9800529889 /* Sources */ = {
			isa = PBXSourcesBuildPhase;
			buildActionMask = 2147483647;
			files = (
				C7DE781F23BE4A9800529889 /* ViewController.swift in Sources */,
				C7DE781B23BE4A9800529889 /* AppDelegate.swift in Sources */,
				C7DE781D23BE4A9800529889 /* SceneDelegate.swift in Sources */,
			);
			runOnlyForDeploymentPostprocessing = 0;
		};
/* End PBXSourcesBuildPhase section */

/* Begin PBXVariantGroup section */
		C7DE782023BE4A9800529889 /* Main.storyboard */ = {
			isa = PBXVariantGroup;
			children = (
				C7DE782123BE4A9800529889 /* Base */,
			);
			name = Main.storyboard;
			sourceTree = "<group>";
		};
		C7DE782523BE4A9900529889 /* LaunchScreen.storyboard */ = {
			isa = PBXVariantGroup;
			children = (
				C7DE782623BE4A9900529889 /* Base */,
			);
			name = LaunchScreen.storyboard;
			sourceTree = "<group>";
		};
/* End PBXVariantGroup section */

/* Begin XCBuildConfiguration section */
		C7DE782923BE4A9900529889 /* Debug */ = {
			isa = XCBuildConfiguration;
			buildSettings = {
				ALWAYS_SEARCH_USER_PATHS = NO;
				CLANG_ANALYZER_NONNULL = YES;
				CLANG_ANALYZER_NUMBER_OBJECT_CONVERSION = YES_AGGRESSIVE;
				CLANG_CXX_LANGUAGE_STANDARD = "gnu++14";
				CLANG_CXX_LIBRARY = "libc++";
				CLANG_ENABLE_MODULES = YES;
				CLANG_ENABLE_OBJC_ARC = YES;
				CLANG_ENABLE_OBJC_WEAK = YES;
				CLANG_WARN_BLOCK_CAPTURE_AUTORELEASING = YES;
				CLANG_WARN_BOOL_CONVERSION = YES;
				CLANG_WARN_COMMA = YES;
				CLANG_WARN_CONSTANT_CONVERSION = YES;
				CLANG_WARN_DEPRECATED_OBJC_IMPLEMENTATIONS = YES;
				CLANG_WARN_DIRECT_OBJC_ISA_USAGE = YES_ERROR;
				CLANG_WARN_DOCUMENTATION_COMMENTS = YES;
				CLANG_WARN_EMPTY_BODY = YES;
				CLANG_WARN_ENUM_CONVERSION = YES;
				CLANG_WARN_INFINITE_RECURSION = YES;
				CLANG_WARN_INT_CONVERSION = YES;
				CLANG_WARN_NON_LITERAL_NULL_CONVERSION = YES;
				CLANG_WARN_OBJC_IMPLICIT_RETAIN_SELF = YES;
				CLANG_WARN_OBJC_LITERAL_CONVERSION = YES;
				CLANG_WARN_OBJC_ROOT_CLASS = YES_ERROR;
				CLANG_WARN_RANGE_LOOP_ANALYSIS = YES;
				CLANG_WARN_STRICT_PROTOTYPES = YES;
				CLANG_WARN_SUSPICIOUS_MOVE = YES;
				CLANG_WARN_UNGUARDED_AVAILABILITY = YES_AGGRESSIVE;
				CLANG_WARN_UNREACHABLE_CODE = YES;
				CLANG_WARN__DUPLICATE_METHOD_MATCH = YES;
				COPY_PHASE_STRIP = NO;
				DEBUG_INFORMATION_FORMAT = dwarf;
				ENABLE_STRICT_OBJC_MSGSEND = YES;
				ENABLE_TESTABILITY = YES;
				GCC_C_LANGUAGE_STANDARD = gnu11;
				GCC_DYNAMIC_NO_PIC = NO;
				GCC_NO_COMMON_BLOCKS = YES;
				GCC_OPTIMIZATION_LEVEL = 0;
				GCC_PREPROCESSOR_DEFINITIONS = (
					"DEBUG=1",
					"$(inherited)",
				);
				GCC_WARN_64_TO_32_BIT_CONVERSION = YES;
				GCC_WARN_ABOUT_RETURN_TYPE = YES_ERROR;
				GCC_WARN_UNDECLARED_SELECTOR = YES;
				GCC_WARN_UNINITIALIZED_AUTOS = YES_AGGRESSIVE;
				GCC_WARN_UNUSED_FUNCTION = YES;
				GCC_WARN_UNUSED_VARIABLE = YES;
				IPHONEOS_DEPLOYMENT_TARGET = 13.2;
				MTL_ENABLE_DEBUG_INFO = INCLUDE_SOURCE;
				MTL_FAST_MATH = YES;
				ONLY_ACTIVE_ARCH = YES;
				SDKROOT = iphoneos;
				SWIFT_ACTIVE_COMPILATION_CONDITIONS = DEBUG;
				SWIFT_OPTIMIZATION_LEVEL = "-Onone";
			};
			name = Debug;
		};
		C7DE782A23BE4A9900529889 /* Release */ = {
			isa = XCBuildConfiguration;
			buildSettings = {
				ALWAYS_SEARCH_USER_PATHS = NO;
				CLANG_ANALYZER_NONNULL = YES;
				CLANG_ANALYZER_NUMBER_OBJECT_CONVERSION = YES_AGGRESSIVE;
				CLANG_CXX_LANGUAGE_STANDARD = "gnu++14";
				CLANG_CXX_LIBRARY = "libc++";
				CLANG_ENABLE_MODULES = YES;
				CLANG_ENABLE_OBJC_ARC = YES;
				CLANG_ENABLE_OBJC_WEAK = YES;
				CLANG_WARN_BLOCK_CAPTURE_AUTORELEASING = YES;
				CLANG_WARN_BOOL_CONVERSION = YES;
				CLANG_WARN_COMMA = YES;
				CLANG_WARN_CONSTANT_CONVERSION = YES;
				CLANG_WARN_DEPRECATED_OBJC_IMPLEMENTATIONS = YES;
				CLANG_WARN_DIRECT_OBJC_ISA_USAGE = YES_ERROR;
				CLANG_WARN_DOCUMENTATION_COMMENTS = YES;
				CLANG_WARN_EMPTY_BODY = YES;
				CLANG_WARN_ENUM_CONVERSION = YES;
				CLANG_WARN_INFINITE_RECURSION = YES;
				CLANG_WARN_INT_CONVERSION = YES;
				CLANG_WARN_NON_LITERAL_NULL_CONVERSION = YES;
				CLANG_WARN_OBJC_IMPLICIT_RETAIN_SELF = YES;
				CLANG_WARN_OBJC_LITERAL_CONVERSION = YES;
				CLANG_WARN_OBJC_ROOT_CLASS = YES_ERROR;
				CLANG_WARN_RANGE_LOOP_ANALYSIS = YES;
				CLANG_WARN_STRICT_PROTOTYPES = YES;
				CLANG_WARN_SUSPICIOUS_MOVE = YES;
				CLANG_WARN_UNGUARDED_AVAILABILITY = YES_AGGRESSIVE;
				CLANG_WARN_UNREACHABLE_CODE = YES;
				CLANG_WARN__DUPLICATE_METHOD_MATCH = YES;
				COPY_PHASE_STRIP = NO;
				DEBUG_INFORMATION_FORMAT = "dwarf-with-dsym";
				ENABLE_NS_ASSERTIONS = NO;
				ENABLE_STRICT_OBJC_MSGSEND = YES;
				GCC_C_LANGUAGE_STANDARD = gnu11;
				GCC_NO_COMMON_BLOCKS = YES;
				GCC_WARN_64_TO_32_BIT_CONVERSION = YES;
				GCC_WARN_ABOUT_RETURN_TYPE = YES_ERROR;
				GCC_WARN_UNDECLARED_SELECTOR = YES;
				GCC_WARN_UNINITIALIZED_AUTOS = YES_AGGRESSIVE;
				GCC_WARN_UNUSED_FUNCTION = YES;
				GCC_WARN_UNUSED_VARIABLE = YES;
				IPHONEOS_DEPLOYMENT_TARGET = 13.2;
				MTL_ENABLE_DEBUG_INFO = NO;
				MTL_FAST_MATH = YES;
				SDKROOT = iphoneos;
				SWIFT_COMPILATION_MODE = wholemodule;
				SWIFT_OPTIMIZATION_LEVEL = "-O";
				VALIDATE_PRODUCT = YES;
			};
			name = Release;
		};
		C7DE782C23BE4A9900529889 /* Debug */ = {
			isa = XCBuildConfiguration;
			buildSettings = {
				ASSETCATALOG_COMPILER_APPICON_NAME = AppIcon;
				CODE_SIGN_STYLE = Automatic;
				DEVELOPMENT_TEAM = Z629PZ4XVL;
				INFOPLIST_FILE = studyApp0/Info.plist;
				LD_RUNPATH_SEARCH_PATHS = (
					"$(inherited)",
					"@executable_path/Frameworks",
				);
				PRODUCT_BUNDLE_IDENTIFIER = Project.studyApp0;
				PRODUCT_NAME = "$(TARGET_NAME)";
				SWIFT_VERSION = 5.0;
				TARGETED_DEVICE_FAMILY = "1,2";
			};
			name = Debug;
		};
		C7DE782D23BE4A9900529889 /* Release */ = {
			isa = XCBuildConfiguration;
			buildSettings = {
				ASSETCATALOG_COMPILER_APPICON_NAME = AppIcon;
				CODE_SIGN_STYLE = Automatic;
				DEVELOPMENT_TEAM = Z629PZ4XVL;
				INFOPLIST_FILE = studyApp0/Info.plist;
				LD_RUNPATH_SEARCH_PATHS = (
					"$(inherited)",
					"@executable_path/Frameworks",
				);
				PRODUCT_BUNDLE_IDENTIFIER = Project.studyApp0;
				PRODUCT_NAME = "$(TARGET_NAME)";
				SWIFT_VERSION = 5.0;
				TARGETED_DEVICE_FAMILY = "1,2";
			};
			name = Release;
		};
/* End XCBuildConfiguration section */

/* Begin XCConfigurationList section */
		C7DE781223BE4A9800529889 /* Build configuration list for PBXProject "studyApp0" */ = {
			isa = XCConfigurationList;
			buildConfigurations = (
				C7DE782923BE4A9900529889 /* Debug */,
				C7DE782A23BE4A9900529889 /* Release */,
			);
			defaultConfigurationIsVisible = 0;
			defaultConfigurationName = Release;
		};
		C7DE782B23BE4A9900529889 /* Build configuration list for PBXNativeTarget "studyApp0" */ = {
			isa = XCConfigurationList;
			buildConfigurations = (
				C7DE782C23BE4A9900529889 /* Debug */,
				C7DE782D23BE4A9900529889 /* Release */,
			);
			defaultConfigurationIsVisible = 0;
			defaultConfigurationName = Release;
		};
/* End XCConfigurationList section */
	};
	rootObject = C7DE780F23BE4A9800529889 /* Project object */;
}
