// !$*UTF8*$!
{
	archiveVersion = 1;
	classes = {
	};
	objectVersion = 50;
	objects = {

/* Begin PBXBuildFile section */
		C78271D824A2208800290505 /* AppDelegate.swift in Sources */ = {isa = PBXBuildFile; fileRef = C78271D724A2208800290505 /* AppDelegate.swift */; };
		C78271DA24A2208800290505 /* SceneDelegate.swift in Sources */ = {isa = PBXBuildFile; fileRef = C78271D924A2208800290505 /* SceneDelegate.swift */; };
		C78271DC24A2208800290505 /* ViewController.swift in Sources */ = {isa = PBXBuildFile; fileRef = C78271DB24A2208800290505 /* ViewController.swift */; };
		C78271DF24A2208800290505 /* Main.storyboard in Resources */ = {isa = PBXBuildFile; fileRef = C78271DD24A2208800290505 /* Main.storyboard */; };
		C78271E224A2208800290505 /* touchTest.xcdatamodeld in Sources */ = {isa = PBXBuildFile; fileRef = C78271E024A2208800290505 /* touchTest.xcdatamodeld */; };
		C78271E424A2208B00290505 /* Assets.xcassets in Resources */ = {isa = PBXBuildFile; fileRef = C78271E324A2208B00290505 /* Assets.xcassets */; };
		C78271E724A2208B00290505 /* LaunchScreen.storyboard in Resources */ = {isa = PBXBuildFile; fileRef = C78271E524A2208B00290505 /* LaunchScreen.storyboard */; };
/* End PBXBuildFile section */

/* Begin PBXFileReference section */
		C78271D424A2208800290505 /* touchTest.app */ = {isa = PBXFileReference; explicitFileType = wrapper.application; includeInIndex = 0; path = touchTest.app; sourceTree = BUILT_PRODUCTS_DIR; };
		C78271D724A2208800290505 /* AppDelegate.swift */ = {isa = PBXFileReference; lastKnownFileType = sourcecode.swift; path = AppDelegate.swift; sourceTree = "<group>"; };
		C78271D924A2208800290505 /* SceneDelegate.swift */ = {isa = PBXFileReference; lastKnownFileType = sourcecode.swift; path = SceneDelegate.swift; sourceTree = "<group>"; };
		C78271DB24A2208800290505 /* ViewController.swift */ = {isa = PBXFileReference; lastKnownFileType = sourcecode.swift; path = ViewController.swift; sourceTree = "<group>"; };
		C78271DE24A2208800290505 /* Base */ = {isa = PBXFileReference; lastKnownFileType = file.storyboard; name = Base; path = Base.lproj/Main.storyboard; sourceTree = "<group>"; };
		C78271E124A2208800290505 /* touchTest.xcdatamodel */ = {isa = PBXFileReference; lastKnownFileType = wrapper.xcdatamodel; path = touchTest.xcdatamodel; sourceTree = "<group>"; };
		C78271E324A2208B00290505 /* Assets.xcassets */ = {isa = PBXFileReference; lastKnownFileType = folder.assetcatalog; path = Assets.xcassets; sourceTree = "<group>"; };
		C78271E624A2208B00290505 /* Base */ = {isa = PBXFileReference; lastKnownFileType = file.storyboard; name = Base; path = Base.lproj/LaunchScreen.storyboard; sourceTree = "<group>"; };
		C78271E824A2208B00290505 /* Info.plist */ = {isa = PBXFileReference; lastKnownFileType = text.plist.xml; path = Info.plist; sourceTree = "<group>"; };
/* End PBXFileReference section */

/* Begin PBXFrameworksBuildPhase section */
		C78271D124A2208800290505 /* Frameworks */ = {
			isa = PBXFrameworksBuildPhase;
			buildActionMask = 2147483647;
			files = (
			);
			runOnlyForDeploymentPostprocessing = 0;
		};
/* End PBXFrameworksBuildPhase section */

/* Begin PBXGroup section */
		C78271CB24A2208800290505 = {
			isa = PBXGroup;
			children = (
				C78271D624A2208800290505 /* touchTest */,
				C78271D524A2208800290505 /* Products */,
			);
			sourceTree = "<group>";
		};
		C78271D524A2208800290505 /* Products */ = {
			isa = PBXGroup;
			children = (
				C78271D424A2208800290505 /* touchTest.app */,
			);
			name = Products;
			sourceTree = "<group>";
		};
		C78271D624A2208800290505 /* touchTest */ = {
			isa = PBXGroup;
			children = (
				C78271D724A2208800290505 /* AppDelegate.swift */,
				C78271D924A2208800290505 /* SceneDelegate.swift */,
				C78271DB24A2208800290505 /* ViewController.swift */,
				C78271DD24A2208800290505 /* Main.storyboard */,
				C78271E324A2208B00290505 /* Assets.xcassets */,
				C78271E524A2208B00290505 /* LaunchScreen.storyboard */,
				C78271E824A2208B00290505 /* Info.plist */,
				C78271E024A2208800290505 /* touchTest.xcdatamodeld */,
			);
			path = touchTest;
			sourceTree = "<group>";
		};
/* End PBXGroup section */

/* Begin PBXNativeTarget section */
		C78271D324A2208800290505 /* touchTest */ = {
			isa = PBXNativeTarget;
			buildConfigurationList = C78271EB24A2208B00290505 /* Build configuration list for PBXNativeTarget "touchTest" */;
			buildPhases = (
				C78271D024A2208800290505 /* Sources */,
				C78271D124A2208800290505 /* Frameworks */,
				C78271D224A2208800290505 /* Resources */,
			);
			buildRules = (
			);
			dependencies = (
			);
			name = touchTest;
			productName = touchTest;
			productReference = C78271D424A2208800290505 /* touchTest.app */;
			productType = "com.apple.product-type.application";
		};
/* End PBXNativeTarget section */

/* Begin PBXProject section */
		C78271CC24A2208800290505 /* Project object */ = {
			isa = PBXProject;
			attributes = {
				LastSwiftUpdateCheck = 1150;
				LastUpgradeCheck = 1150;
				ORGANIZATIONNAME = "문종식";
				TargetAttributes = {
					C78271D324A2208800290505 = {
						CreatedOnToolsVersion = 11.5;
					};
				};
			};
			buildConfigurationList = C78271CF24A2208800290505 /* Build configuration list for PBXProject "touchTest" */;
			compatibilityVersion = "Xcode 9.3";
			developmentRegion = en;
			hasScannedForEncodings = 0;
			knownRegions = (
				en,
				Base,
			);
			mainGroup = C78271CB24A2208800290505;
			productRefGroup = C78271D524A2208800290505 /* Products */;
			projectDirPath = "";
			projectRoot = "";
			targets = (
				C78271D324A2208800290505 /* touchTest */,
			);
		};
/* End PBXProject section */

/* Begin PBXResourcesBuildPhase section */
		C78271D224A2208800290505 /* Resources */ = {
			isa = PBXResourcesBuildPhase;
			buildActionMask = 2147483647;
			files = (
				C78271E724A2208B00290505 /* LaunchScreen.storyboard in Resources */,
				C78271E424A2208B00290505 /* Assets.xcassets in Resources */,
				C78271DF24A2208800290505 /* Main.storyboard in Resources */,
			);
			runOnlyForDeploymentPostprocessing = 0;
		};
/* End PBXResourcesBuildPhase section */

/* Begin PBXSourcesBuildPhase section */
		C78271D024A2208800290505 /* Sources */ = {
			isa = PBXSourcesBuildPhase;
			buildActionMask = 2147483647;
			files = (
				C78271DC24A2208800290505 /* ViewController.swift in Sources */,
				C78271E224A2208800290505 /* touchTest.xcdatamodeld in Sources */,
				C78271D824A2208800290505 /* AppDelegate.swift in Sources */,
				C78271DA24A2208800290505 /* SceneDelegate.swift in Sources */,
			);
			runOnlyForDeploymentPostprocessing = 0;
		};
/* End PBXSourcesBuildPhase section */

/* Begin PBXVariantGroup section */
		C78271DD24A2208800290505 /* Main.storyboard */ = {
			isa = PBXVariantGroup;
			children = (
				C78271DE24A2208800290505 /* Base */,
			);
			name = Main.storyboard;
			sourceTree = "<group>";
		};
		C78271E524A2208B00290505 /* LaunchScreen.storyboard */ = {
			isa = PBXVariantGroup;
			children = (
				C78271E624A2208B00290505 /* Base */,
			);
			name = LaunchScreen.storyboard;
			sourceTree = "<group>";
		};
/* End PBXVariantGroup section */

/* Begin XCBuildConfiguration section */
		C78271E924A2208B00290505 /* Debug */ = {
			isa = XCBuildConfiguration;
			buildSettings = {
				ALWAYS_SEARCH_USER_PATHS = NO;
				CLANG_ANALYZER_NONNULL = YES;
				CLANG_ANALYZER_NUMBER_OBJECT_CONVERSION = YES_AGGRESSIVE;
				CLANG_CXX_LANGUAGE_STANDARD = "gnu++14";
				CLANG_CXX_LIBRARY = "libc++";
				CLANG_ENABLE_MODULES = YES;
				CLANG_ENABLE_OBJC_ARC = YES;
				CLANG_ENABLE_OBJC_WEAK = YES;
				CLANG_WARN_BLOCK_CAPTURE_AUTORELEASING = YES;
				CLANG_WARN_BOOL_CONVERSION = YES;
				CLANG_WARN_COMMA = YES;
				CLANG_WARN_CONSTANT_CONVERSION = YES;
				CLANG_WARN_DEPRECATED_OBJC_IMPLEMENTATIONS = YES;
				CLANG_WARN_DIRECT_OBJC_ISA_USAGE = YES_ERROR;
				CLANG_WARN_DOCUMENTATION_COMMENTS = YES;
				CLANG_WARN_EMPTY_BODY = YES;
				CLANG_WARN_ENUM_CONVERSION = YES;
				CLANG_WARN_INFINITE_RECURSION = YES;
				CLANG_WARN_INT_CONVERSION = YES;
				CLANG_WARN_NON_LITERAL_NULL_CONVERSION = YES;
				CLANG_WARN_OBJC_IMPLICIT_RETAIN_SELF = YES;
				CLANG_WARN_OBJC_LITERAL_CONVERSION = YES;
				CLANG_WARN_OBJC_ROOT_CLASS = YES_ERROR;
				CLANG_WARN_RANGE_LOOP_ANALYSIS = YES;
				CLANG_WARN_STRICT_PROTOTYPES = YES;
				CLANG_WARN_SUSPICIOUS_MOVE = YES;
				CLANG_WARN_UNGUARDED_AVAILABILITY = YES_AGGRESSIVE;
				CLANG_WARN_UNREACHABLE_CODE = YES;
				CLANG_WARN__DUPLICATE_METHOD_MATCH = YES;
				COPY_PHASE_STRIP = NO;
				DEBUG_INFORMATION_FORMAT = dwarf;
				ENABLE_STRICT_OBJC_MSGSEND = YES;
				ENABLE_TESTABILITY = YES;
				GCC_C_LANGUAGE_STANDARD = gnu11;
				GCC_DYNAMIC_NO_PIC = NO;
				GCC_NO_COMMON_BLOCKS = YES;
				GCC_OPTIMIZATION_LEVEL = 0;
				GCC_PREPROCESSOR_DEFINITIONS = (
					"DEBUG=1",
					"$(inherited)",
				);
				GCC_WARN_64_TO_32_BIT_CONVERSION = YES;
				GCC_WARN_ABOUT_RETURN_TYPE = YES_ERROR;
				GCC_WARN_UNDECLARED_SELECTOR = YES;
				GCC_WARN_UNINITIALIZED_AUTOS = YES_AGGRESSIVE;
				GCC_WARN_UNUSED_FUNCTION = YES;
				GCC_WARN_UNUSED_VARIABLE = YES;
				IPHONEOS_DEPLOYMENT_TARGET = 13.5;
				MTL_ENABLE_DEBUG_INFO = INCLUDE_SOURCE;
				MTL_FAST_MATH = YES;
				ONLY_ACTIVE_ARCH = YES;
				SDKROOT = iphoneos;
				SWIFT_ACTIVE_COMPILATION_CONDITIONS = DEBUG;
				SWIFT_OPTIMIZATION_LEVEL = "-Onone";
			};
			name = Debug;
		};
		C78271EA24A2208B00290505 /* Release */ = {
			isa = XCBuildConfiguration;
			buildSettings = {
				ALWAYS_SEARCH_USER_PATHS = NO;
				CLANG_ANALYZER_NONNULL = YES;
				CLANG_ANALYZER_NUMBER_OBJECT_CONVERSION = YES_AGGRESSIVE;
				CLANG_CXX_LANGUAGE_STANDARD = "gnu++14";
				CLANG_CXX_LIBRARY = "libc++";
				CLANG_ENABLE_MODULES = YES;
				CLANG_ENABLE_OBJC_ARC = YES;
				CLANG_ENABLE_OBJC_WEAK = YES;
				CLANG_WARN_BLOCK_CAPTURE_AUTORELEASING = YES;
				CLANG_WARN_BOOL_CONVERSION = YES;
				CLANG_WARN_COMMA = YES;
				CLANG_WARN_CONSTANT_CONVERSION = YES;
				CLANG_WARN_DEPRECATED_OBJC_IMPLEMENTATIONS = YES;
				CLANG_WARN_DIRECT_OBJC_ISA_USAGE = YES_ERROR;
				CLANG_WARN_DOCUMENTATION_COMMENTS = YES;
				CLANG_WARN_EMPTY_BODY = YES;
				CLANG_WARN_ENUM_CONVERSION = YES;
				CLANG_WARN_INFINITE_RECURSION = YES;
				CLANG_WARN_INT_CONVERSION = YES;
				CLANG_WARN_NON_LITERAL_NULL_CONVERSION = YES;
				CLANG_WARN_OBJC_IMPLICIT_RETAIN_SELF = YES;
				CLANG_WARN_OBJC_LITERAL_CONVERSION = YES;
				CLANG_WARN_OBJC_ROOT_CLASS = YES_ERROR;
				CLANG_WARN_RANGE_LOOP_ANALYSIS = YES;
				CLANG_WARN_STRICT_PROTOTYPES = YES;
				CLANG_WARN_SUSPICIOUS_MOVE = YES;
				CLANG_WARN_UNGUARDED_AVAILABILITY = YES_AGGRESSIVE;
				CLANG_WARN_UNREACHABLE_CODE = YES;
				CLANG_WARN__DUPLICATE_METHOD_MATCH = YES;
				COPY_PHASE_STRIP = NO;
				DEBUG_INFORMATION_FORMAT = "dwarf-with-dsym";
				ENABLE_NS_ASSERTIONS = NO;
				ENABLE_STRICT_OBJC_MSGSEND = YES;
				GCC_C_LANGUAGE_STANDARD = gnu11;
				GCC_NO_COMMON_BLOCKS = YES;
				GCC_WARN_64_TO_32_BIT_CONVERSION = YES;
				GCC_WARN_ABOUT_RETURN_TYPE = YES_ERROR;
				GCC_WARN_UNDECLARED_SELECTOR = YES;
				GCC_WARN_UNINITIALIZED_AUTOS = YES_AGGRESSIVE;
				GCC_WARN_UNUSED_FUNCTION = YES;
				GCC_WARN_UNUSED_VARIABLE = YES;
				IPHONEOS_DEPLOYMENT_TARGET = 13.5;
				MTL_ENABLE_DEBUG_INFO = NO;
				MTL_FAST_MATH = YES;
				SDKROOT = iphoneos;
				SWIFT_COMPILATION_MODE = wholemodule;
				SWIFT_OPTIMIZATION_LEVEL = "-O";
				VALIDATE_PRODUCT = YES;
			};
			name = Release;
		};
		C78271EC24A2208B00290505 /* Debug */ = {
			isa = XCBuildConfiguration;
			buildSettings = {
				ASSETCATALOG_COMPILER_APPICON_NAME = AppIcon;
				CODE_SIGN_STYLE = Automatic;
				DEVELOPMENT_TEAM = Z629PZ4XVL;
				INFOPLIST_FILE = touchTest/Info.plist;
				LD_RUNPATH_SEARCH_PATHS = (
					"$(inherited)",
					"@executable_path/Frameworks",
				);
				PRODUCT_BUNDLE_IDENTIFIER = Project.touchTest;
				PRODUCT_NAME = "$(TARGET_NAME)";
				SWIFT_VERSION = 5.0;
				TARGETED_DEVICE_FAMILY = 1;
			};
			name = Debug;
		};
		C78271ED24A2208B00290505 /* Release */ = {
			isa = XCBuildConfiguration;
			buildSettings = {
				ASSETCATALOG_COMPILER_APPICON_NAME = AppIcon;
				CODE_SIGN_STYLE = Automatic;
				DEVELOPMENT_TEAM = Z629PZ4XVL;
				INFOPLIST_FILE = touchTest/Info.plist;
				LD_RUNPATH_SEARCH_PATHS = (
					"$(inherited)",
					"@executable_path/Frameworks",
				);
				PRODUCT_BUNDLE_IDENTIFIER = Project.touchTest;
				PRODUCT_NAME = "$(TARGET_NAME)";
				SWIFT_VERSION = 5.0;
				TARGETED_DEVICE_FAMILY = 1;
			};
			name = Release;
		};
/* End XCBuildConfiguration section */

/* Begin XCConfigurationList section */
		C78271CF24A2208800290505 /* Build configuration list for PBXProject "touchTest" */ = {
			isa = XCConfigurationList;
			buildConfigurations = (
				C78271E924A2208B00290505 /* Debug */,
				C78271EA24A2208B00290505 /* Release */,
			);
			defaultConfigurationIsVisible = 0;
			defaultConfigurationName = Release;
		};
		C78271EB24A2208B00290505 /* Build configuration list for PBXNativeTarget "touchTest" */ = {
			isa = XCConfigurationList;
			buildConfigurations = (
				C78271EC24A2208B00290505 /* Debug */,
				C78271ED24A2208B00290505 /* Release */,
			);
			defaultConfigurationIsVisible = 0;
			defaultConfigurationName = Release;
		};
/* End XCConfigurationList section */

/* Begin XCVersionGroup section */
		C78271E024A2208800290505 /* touchTest.xcdatamodeld */ = {
			isa = XCVersionGroup;
			children = (
				C78271E124A2208800290505 /* touchTest.xcdatamodel */,
			);
			currentVersion = C78271E124A2208800290505 /* touchTest.xcdatamodel */;
			path = touchTest.xcdatamodeld;
			sourceTree = "<group>";
			versionGroupType = wrapper.xcdatamodel;
		};
/* End XCVersionGroup section */
	};
	rootObject = C78271CC24A2208800290505 /* Project object */;
}
